<?xml version="1.0" encoding="utf-8"?>
<Project ToolsVersion="4.0" xmlns="http://schemas.microsoft.com/developer/msbuild/2003">
  <ItemGroup>
    <Filter Include="Source Files">
      <UniqueIdentifier>{4FC737F1-C7A5-4376-A066-2A32D752A2FF}</UniqueIdentifier>
      <Extensions>cpp;c;cc;cxx;c++;def;odl;idl;hpj;bat;asm;asmx</Extensions>
    </Filter>
    <Filter Include="Resource Files">
      <UniqueIdentifier>{67DA6AB6-F800-4c08-8B7A-83BB121AAD01}</UniqueIdentifier>
      <Extensions>rc;ico;cur;bmp;dlg;rc2;rct;bin;rgs;gif;jpg;jpeg;jpe;resx;tiff;tif;png;wav;mfcribbon-ms</Extensions>
    </Filter>
    <Filter Include="ImGui">
      <UniqueIdentifier>{0d9b6923-b471-45f3-8655-0cf663f7e882}</UniqueIdentifier>
    </Filter>
    <Filter Include="Interfaces">
      <UniqueIdentifier>{1de2e2e0-ee1b-40c8-b777-990047793b93}</UniqueIdentifier>
    </Filter>
    <Filter Include="Helpers">
      <UniqueIdentifier>{1cd18b98-8e7c-4b27-8af0-aa7b33778151}</UniqueIdentifier>
    </Filter>
    <Filter Include="Source">
      <UniqueIdentifier>{059d31f7-37fa-479b-bb73-5fb6d889b071}</UniqueIdentifier>
    </Filter>
    <Filter Include="Interfaces\SDK">
      <UniqueIdentifier>{eeb07fde-4c2b-4b3e-90ac-753c864df83f}</UniqueIdentifier>
    </Filter>
    <Filter Include="Interfaces\Hooks">
      <UniqueIdentifier>{994c7051-7675-4876-8489-61b84541e909}</UniqueIdentifier>
    </Filter>
    <Filter Include="Source\Hack">
      <UniqueIdentifier>{9b229ccc-b87d-402b-82a1-25c272c6172b}</UniqueIdentifier>
    </Filter>
    <Filter Include="Detour">
      <UniqueIdentifier>{7dac23e6-744e-4a15-af10-fad2464a2374}</UniqueIdentifier>
    </Filter>
  </ItemGroup>
  <ItemGroup>
    <ClInclude Include="ImGui\imconfig.h">
      <Filter>ImGui</Filter>
    </ClInclude>
    <ClInclude Include="ImGui\imgui.h">
      <Filter>ImGui</Filter>
    </ClInclude>
    <ClInclude Include="ImGui\imgui_internal.h">
      <Filter>ImGui</Filter>
    </ClInclude>
    <ClInclude Include="ImGui\imstb_rectpack.h">
      <Filter>ImGui</Filter>
    </ClInclude>
    <ClInclude Include="ImGui\imstb_textedit.h">
      <Filter>ImGui</Filter>
    </ClInclude>
    <ClInclude Include="ImGui\imstb_truetype.h">
      <Filter>ImGui</Filter>
    </ClInclude>
    <ClInclude Include="Helpers\DrawTools.h">
      <Filter>Helpers</Filter>
    </ClInclude>
    <ClInclude Include="Helpers\NetVars.h">
      <Filter>Helpers</Filter>
    </ClInclude>
    <ClInclude Include="Helpers\sdk.h">
      <Filter>Helpers</Filter>
    </ClInclude>
    <ClInclude Include="Helpers\SigTools.h">
      <Filter>Helpers</Filter>
    </ClInclude>
    <ClInclude Include="Interfaces\CBaseEntity.h">
      <Filter>Interfaces</Filter>
    </ClInclude>
    <ClInclude Include="Interfaces\IBaseClientDLL.h">
      <Filter>Interfaces</Filter>
    </ClInclude>
    <ClInclude Include="Interfaces\IClientEntityList.h">
      <Filter>Interfaces</Filter>
    </ClInclude>
    <ClInclude Include="Interfaces\IVEngineClient.h">
      <Filter>Interfaces</Filter>
    </ClInclude>
    <ClInclude Include="Interfaces\VGUIS.h">
      <Filter>Interfaces</Filter>
    </ClInclude>
    <ClInclude Include="Interfaces\Main.h">
      <Filter>Interfaces</Filter>
    </ClInclude>
    <ClInclude Include="Helpers\AutoList.h">
      <Filter>Helpers</Filter>
    </ClInclude>
    <ClInclude Include="Helpers\Library.h">
      <Filter>Helpers</Filter>
    </ClInclude>
    <ClInclude Include="ImGui\imgui_helper.h">
      <Filter>ImGui</Filter>
    </ClInclude>
    <ClInclude Include="Helpers\D3DX.h">
      <Filter>Helpers</Filter>
    </ClInclude>
    <ClInclude Include="ImGui\imgui_impl_dx9.h">
      <Filter>ImGui</Filter>
    </ClInclude>
    <ClInclude Include="ImGui\imgui_impl_win32.h">
      <Filter>ImGui</Filter>
    </ClInclude>
    <ClInclude Include="Interfaces\IFileSystem.h">
      <Filter>Interfaces</Filter>
    </ClInclude>
    <ClInclude Include="Source\ESP.h">
      <Filter>Source</Filter>
    </ClInclude>
    <ClInclude Include="Helpers\Config.h">
      <Filter>Helpers</Filter>
    </ClInclude>
    <ClInclude Include="Helpers\json.h">
      <Filter>Helpers</Filter>
    </ClInclude>
    <ClInclude Include="Source\Main.h">
      <Filter>Source</Filter>
    </ClInclude>
    <ClInclude Include="Source\Visual.h">
      <Filter>Source</Filter>
    </ClInclude>
    <ClInclude Include="Interfaces\IClientMode.h">
      <Filter>Interfaces</Filter>
    </ClInclude>
    <ClInclude Include="Interfaces\HatCommand.h">
      <Filter>Interfaces</Filter>
    </ClInclude>
    <ClInclude Include="Interfaces\CAttributes.h">
      <Filter>Interfaces</Filter>
    </ClInclude>
    <ClInclude Include="Source\Hack\Inventory.h">
      <Filter>Source\Hack</Filter>
    </ClInclude>
    <ClInclude Include="Helpers\Timer.h">
      <Filter>Helpers</Filter>
    </ClInclude>
    <ClInclude Include="Source\Debug.h">
      <Filter>Source</Filter>
    </ClInclude>
    <ClInclude Include="Interfaces\IVEClientTrace.h">
      <Filter>Interfaces</Filter>
    </ClInclude>
    <ClInclude Include="Source\Hack\Effects.h">
      <Filter>Source\Hack</Filter>
    </ClInclude>
    <ClInclude Include="Detour\detours.h">
      <Filter>Detour</Filter>
    </ClInclude>
    <ClInclude Include="Detour\detver.h">
      <Filter>Detour</Filter>
    </ClInclude>
    <ClInclude Include="Interfaces\NetMessage.h" />
    <ClInclude Include="Source\Aimbot.h" />
    <ClInclude Include="Helpers\BoneCache.h" />
    <ClInclude Include="Helpers\BytePatch.h">
      <Filter>Helpers</Filter>
    </ClInclude>
    <ClInclude Include="Interfaces\RecipientFilter.h" />
    <ClInclude Include="Helpers\AutoItem.h" />
    <ClInclude Include="Helpers\Offsets.h" />
    <ClInclude Include="Helpers\Commons.h" />
    <ClInclude Include="Source\Hack\BackTrack.h" />
    <ClInclude Include="Interfaces\Glow.h" />
    <ClInclude Include="Helpers\VTable.h" />
  </ItemGroup>
  <ItemGroup>
    <ClCompile Include="dllmain.cpp">
      <Filter>Source Files</Filter>
    </ClCompile>
    <ClCompile Include="ImGui\imgui.cpp">
      <Filter>ImGui</Filter>
    </ClCompile>
    <ClCompile Include="ImGui\imgui_draw.cpp">
      <Filter>ImGui</Filter>
    </ClCompile>
    <ClCompile Include="ImGui\imgui_widgets.cpp">
      <Filter>ImGui</Filter>
    </ClCompile>
    <ClCompile Include="Helpers\NetVars.cpp">
      <Filter>Helpers</Filter>
    </ClCompile>
    <ClCompile Include="Helpers\sdk.cpp">
      <Filter>Helpers</Filter>
    </ClCompile>
    <ClCompile Include="Helpers\SigTools.cpp">
      <Filter>Helpers</Filter>
    </ClCompile>
    <ClCompile Include="Helpers\Detour.cpp">
      <Filter>Helpers</Filter>
    </ClCompile>
    <ClCompile Include="Helpers\DrawTools.cpp">
      <Filter>Helpers</Filter>
    </ClCompile>
    <ClCompile Include="Helpers\Library.cpp">
      <Filter>Helpers</Filter>
    </ClCompile>
    <ClCompile Include="ImGui\imgui_helper.cpp">
      <Filter>ImGui</Filter>
    </ClCompile>
    <ClCompile Include="Source\MenuItems.cpp">
      <Filter>Source</Filter>
    </ClCompile>
    <ClCompile Include="Helpers\D3DX.cpp">
      <Filter>Helpers</Filter>
    </ClCompile>
    <ClCompile Include="Interfaces\SDK\KeyValues.cpp">
      <Filter>Interfaces\SDK</Filter>
    </ClCompile>
    <ClCompile Include="Interfaces\SDK\tier1.cpp">
      <Filter>Interfaces\SDK</Filter>
    </ClCompile>
    <ClCompile Include="Interfaces\SDK\UtlString.cpp">
      <Filter>Interfaces\SDK</Filter>
    </ClCompile>
    <ClCompile Include="Helpers\Config.cpp">
      <Filter>Helpers</Filter>
    </ClCompile>
    <ClCompile Include="Helpers\json.cpp">
      <Filter>Helpers</Filter>
    </ClCompile>
    <ClCompile Include="ImGui\imgui_demo.cpp">
      <Filter>ImGui</Filter>
    </ClCompile>
    <ClCompile Include="Interfaces\Hooks\ClientMode.cpp">
      <Filter>Interfaces\Hooks</Filter>
    </ClCompile>
    <ClCompile Include="Interfaces\Hooks\Paint.cpp">
      <Filter>Interfaces\Hooks</Filter>
    </ClCompile>
    <ClCompile Include="Interfaces\ConVar.cpp">
      <Filter>Interfaces</Filter>
    </ClCompile>
    <ClCompile Include="Interfaces\CAttributes.cpp">
      <Filter>Interfaces</Filter>
    </ClCompile>
    <ClCompile Include="Interfaces\Hooks\FSN.cpp">
      <Filter>Interfaces\Hooks</Filter>
    </ClCompile>
    <ClCompile Include="Interfaces\CBaseEntity.cpp">
      <Filter>Interfaces</Filter>
    </ClCompile>
    <ClCompile Include="Source\Hack\Inventory.cpp">
      <Filter>Source\Hack</Filter>
    </ClCompile>
    <ClCompile Include="Source\ESP.cpp">
      <Filter>Source</Filter>
    </ClCompile>
    <ClCompile Include="Source\Visual.cpp">
      <Filter>Source</Filter>
    </ClCompile>
    <ClCompile Include="Source\Debug.cpp">
      <Filter>Source</Filter>
    </ClCompile>
    <ClCompile Include="Source\Hack\Auto-Backstab.cpp">
      <Filter>Source\Hack</Filter>
    </ClCompile>
    <ClCompile Include="Source\Hack\Auto-Detonate.cpp">
      <Filter>Source\Hack</Filter>
    </ClCompile>
    <ClCompile Include="Detour\creatwth.cpp">
      <Filter>Detour</Filter>
    </ClCompile>
    <ClCompile Include="Detour\detours.cpp">
      <Filter>Detour</Filter>
    </ClCompile>
    <ClCompile Include="Detour\disasm.cpp">
      <Filter>Detour</Filter>
    </ClCompile>
    <ClCompile Include="Detour\disolarm.cpp">
      <Filter>Detour</Filter>
    </ClCompile>
    <ClCompile Include="Detour\disolarm64.cpp">
      <Filter>Detour</Filter>
    </ClCompile>
    <ClCompile Include="Detour\disolia64.cpp">
      <Filter>Detour</Filter>
    </ClCompile>
    <ClCompile Include="Detour\disolx64.cpp">
      <Filter>Detour</Filter>
    </ClCompile>
    <ClCompile Include="Detour\disolx86.cpp">
      <Filter>Detour</Filter>
    </ClCompile>
    <ClCompile Include="Detour\image.cpp">
      <Filter>Detour</Filter>
    </ClCompile>
    <ClCompile Include="Detour\modules.cpp">
      <Filter>Detour</Filter>
    </ClCompile>
    <ClCompile Include="Helpers\Timer.cpp">
      <Filter>Source Files</Filter>
    </ClCompile>
    <ClCompile Include="Interfaces\NetMessage.cpp">
      <Filter>Source Files</Filter>
    </ClCompile>
    <ClCompile Include="Source\Aimbot.cpp">
      <Filter>Source Files</Filter>
    </ClCompile>
    <ClCompile Include="Helpers\BoneCache.cpp">
      <Filter>Source Files</Filter>
    </ClCompile>
    <ClCompile Include="Source\Hack\SMAC_CVars.cpp">
      <Filter>Source Files</Filter>
    </ClCompile>
    <ClCompile Include="Source\Hack\ScoreboardColor.cpp">
      <Filter>Source Files</Filter>
    </ClCompile>
    <ClCompile Include="Interfaces\RecipientFilter.cpp">
      <Filter>Source Files</Filter>
    </ClCompile>
    <ClCompile Include="Helpers\VTable.cpp">
      <Filter>Source Files</Filter>
    </ClCompile>
    <ClCompile Include="Source\Hack\BackTrack.cpp">
      <Filter>Source Files</Filter>
    </ClCompile>
    <ClCompile Include="Interfaces\IVEClientTrace.cpp">
      <Filter>Source Files</Filter>
    </ClCompile>
    <ClCompile Include="Interfaces\Glow.cpp">
      <Filter>Source Files</Filter>
    </ClCompile>
  </ItemGroup>
</Project>